
Microsoft Visual Studio Solution File, Format Version 12.00
# Visual Studio Version 17
VisualStudioVersion = 17.4.33213.308
MinimumVisualStudioVersion = 10.0.40219.1
Project("{FAE04EC0-301F-11D3-BF4B-00C04F79EFBC}") = "Its2024ABibliotecaTeam", "Its2024ABibliotecaTeam.csproj", "{EA0E3B82-A518-4547-9978-061FBCC959CE}"
EndProject
Global
	GlobalSection(SolutionConfigurationPlatforms) = preSolution
		Debug|Any CPU = Debug|Any CPU
		Release|Any CPU = Release|Any CPU
	EndGlobalSection
	GlobalSection(ProjectConfigurationPlatforms) = postSolution
		{EA0E3B82-A518-4547-9978-061FBCC959CE}.Debug|Any CPU.ActiveCfg = Debug|Any CPU
		{EA0E3B82-A518-4547-9978-061FBCC959CE}.Debug|Any CPU.Build.0 = Debug|Any CPU
		{EA0E3B82-A518-4547-9978-061FBCC959CE}.Release|Any CPU.ActiveCfg = Release|Any CPU
		{EA0E3B82-A518-4547-9978-061FBCC959CE}.Release|Any CPU.Build.0 = Release|Any CPU
	EndGlobalSection
	GlobalSection(SolutionProperties) = preSolution
		HideSolutionNode = FALSE
	EndGlobalSection
	GlobalSection(ExtensibilityGlobals) = postSolution
		SolutionGuid = {F6947AAD-8115-4E76-BE01-5F5919E2E7AD}
	EndGlobalSection
EndGlobal
